
Microsoft Visual Studio Solution File, Format Version 12.00
# Visual Studio Version 16
VisualStudioVersion = 16.0.30611.23
MinimumVisualStudioVersion = 10.0.40219.1
Project("{FAE04EC0-301F-11D3-BF4B-00C04F79EFBC}") = "fm", "project_01_total\fm.csproj", "{CCC08A4C-08A3-4223-83C7-7DF218AAEB88}"
EndProject
Global
	GlobalSection(SolutionConfigurationPlatforms) = preSolution
		Debug|Any CPU = Debug|Any CPU
		Release|Any CPU = Release|Any CPU
	EndGlobalSection
	GlobalSection(ProjectConfigurationPlatforms) = postSolution
		{CCC08A4C-08A3-4223-83C7-7DF218AAEB88}.Debug|Any CPU.ActiveCfg = Debug|Any CPU
		{CCC08A4C-08A3-4223-83C7-7DF218AAEB88}.Debug|Any CPU.Build.0 = Debug|Any CPU
		{CCC08A4C-08A3-4223-83C7-7DF218AAEB88}.Release|Any CPU.ActiveCfg = Release|Any CPU
		{CCC08A4C-08A3-4223-83C7-7DF218AAEB88}.Release|Any CPU.Build.0 = Release|Any CPU
	EndGlobalSection
	GlobalSection(SolutionProperties) = preSolution
		HideSolutionNode = FALSE
	EndGlobalSection
	GlobalSection(ExtensibilityGlobals) = postSolution
		SolutionGuid = {ACE42CDE-C429-4B0C-A793-B3CFDA718A02}
	EndGlobalSection
EndGlobal
